// !$*UTF8*$!
{
	archiveVersion = 1;
	classes = {
	};
	objectVersion = 46;
	objects = {

/* Begin PBXBuildFile section */
		F41FEE091C832E2300C63F11 /* MealTableViewController.swift in Sources */ = {isa = PBXBuildFile; fileRef = F41FEE081C832E2300C63F11 /* MealTableViewController.swift */; };
		F460B7001C60095F00BF2C22 /* AppDelegate.swift in Sources */ = {isa = PBXBuildFile; fileRef = F460B6FF1C60095F00BF2C22 /* AppDelegate.swift */; };
		F460B7021C60095F00BF2C22 /* MealViewController.swift in Sources */ = {isa = PBXBuildFile; fileRef = F460B7011C60095F00BF2C22 /* MealViewController.swift */; };
		F460B7051C60095F00BF2C22 /* Main.storyboard in Resources */ = {isa = PBXBuildFile; fileRef = F460B7031C60095F00BF2C22 /* Main.storyboard */; };
		F460B7071C60095F00BF2C22 /* Assets.xcassets in Resources */ = {isa = PBXBuildFile; fileRef = F460B7061C60095F00BF2C22 /* Assets.xcassets */; };
		F460B70A1C60095F00BF2C22 /* LaunchScreen.storyboard in Resources */ = {isa = PBXBuildFile; fileRef = F460B7081C60095F00BF2C22 /* LaunchScreen.storyboard */; };
		F460B7121C600F7200BF2C22 /* TestComponent.swift in Sources */ = {isa = PBXBuildFile; fileRef = F460B7111C600F7200BF2C22 /* TestComponent.swift */; };
		F460B7141C6F60EF00BF2C22 /* RatingControl.swift in Sources */ = {isa = PBXBuildFile; fileRef = F460B7131C6F60EF00BF2C22 /* RatingControl.swift */; };
		F460B7161C71358300BF2C22 /* Meal.swift in Sources */ = {isa = PBXBuildFile; fileRef = F460B7151C71358300BF2C22 /* Meal.swift */; };
		F460B71E1C75278900BF2C22 /* SwiftTestTests.swift in Sources */ = {isa = PBXBuildFile; fileRef = F460B71D1C75278900BF2C22 /* SwiftTestTests.swift */; };
		F4ABA2D41C79B9E20064A941 /* Meal.swift in Sources */ = {isa = PBXBuildFile; fileRef = F460B7151C71358300BF2C22 /* Meal.swift */; };
		F4ABA2D61C7A657E0064A941 /* MealTableViewCell.swift in Sources */ = {isa = PBXBuildFile; fileRef = F4ABA2D51C7A657E0064A941 /* MealTableViewCell.swift */; };
/* End PBXBuildFile section */

/* Begin PBXContainerItemProxy section */
		F460B7201C75278900BF2C22 /* PBXContainerItemProxy */ = {
			isa = PBXContainerItemProxy;
			containerPortal = F460B6F41C60095F00BF2C22 /* Project object */;
			proxyType = 1;
			remoteGlobalIDString = F460B6FB1C60095F00BF2C22;
			remoteInfo = SwiftTest;
		};
/* End PBXContainerItemProxy section */

/* Begin PBXFileReference section */
		F41FEE081C832E2300C63F11 /* MealTableViewController.swift */ = {isa = PBXFileReference; fileEncoding = 4; lastKnownFileType = sourcecode.swift; path = MealTableViewController.swift; sourceTree = "<group>"; };
		F460B6FC1C60095F00BF2C22 /* SwiftTest.app */ = {isa = PBXFileReference; explicitFileType = wrapper.application; includeInIndex = 0; path = SwiftTest.app; sourceTree = BUILT_PRODUCTS_DIR; };
		F460B6FF1C60095F00BF2C22 /* AppDelegate.swift */ = {isa = PBXFileReference; lastKnownFileType = sourcecode.swift; path = AppDelegate.swift; sourceTree = "<group>"; };
		F460B7011C60095F00BF2C22 /* MealViewController.swift */ = {isa = PBXFileReference; lastKnownFileType = sourcecode.swift; path = MealViewController.swift; sourceTree = "<group>"; };
		F460B7041C60095F00BF2C22 /* Base */ = {isa = PBXFileReference; lastKnownFileType = file.storyboard; name = Base; path = Base.lproj/Main.storyboard; sourceTree = "<group>"; };
		F460B7061C60095F00BF2C22 /* Assets.xcassets */ = {isa = PBXFileReference; lastKnownFileType = folder.assetcatalog; path = Assets.xcassets; sourceTree = "<group>"; };
		F460B7091C60095F00BF2C22 /* Base */ = {isa = PBXFileReference; lastKnownFileType = file.storyboard; name = Base; path = Base.lproj/LaunchScreen.storyboard; sourceTree = "<group>"; };
		F460B70B1C60095F00BF2C22 /* Info.plist */ = {isa = PBXFileReference; lastKnownFileType = text.plist.xml; path = Info.plist; sourceTree = "<group>"; };
		F460B7111C600F7200BF2C22 /* TestComponent.swift */ = {isa = PBXFileReference; fileEncoding = 4; lastKnownFileType = sourcecode.swift; path = TestComponent.swift; sourceTree = "<group>"; };
		F460B7131C6F60EF00BF2C22 /* RatingControl.swift */ = {isa = PBXFileReference; fileEncoding = 4; lastKnownFileType = sourcecode.swift; path = RatingControl.swift; sourceTree = "<group>"; };
		F460B7151C71358300BF2C22 /* Meal.swift */ = {isa = PBXFileReference; fileEncoding = 4; lastKnownFileType = sourcecode.swift; path = Meal.swift; sourceTree = "<group>"; };
		F460B71B1C75278900BF2C22 /* SwiftTestTests.xctest */ = {isa = PBXFileReference; explicitFileType = wrapper.cfbundle; includeInIndex = 0; path = SwiftTestTests.xctest; sourceTree = BUILT_PRODUCTS_DIR; };
		F460B71D1C75278900BF2C22 /* SwiftTestTests.swift */ = {isa = PBXFileReference; lastKnownFileType = sourcecode.swift; path = SwiftTestTests.swift; sourceTree = "<group>"; };
		F460B71F1C75278900BF2C22 /* Info.plist */ = {isa = PBXFileReference; lastKnownFileType = text.plist.xml; path = Info.plist; sourceTree = "<group>"; };
		F4ABA2D51C7A657E0064A941 /* MealTableViewCell.swift */ = {isa = PBXFileReference; fileEncoding = 4; lastKnownFileType = sourcecode.swift; path = MealTableViewCell.swift; sourceTree = "<group>"; };
/* End PBXFileReference section */

/* Begin PBXFrameworksBuildPhase section */
		F460B6F91C60095F00BF2C22 /* Frameworks */ = {
			isa = PBXFrameworksBuildPhase;
			buildActionMask = 2147483647;
			files = (
			);
			runOnlyForDeploymentPostprocessing = 0;
		};
		F460B7181C75278900BF2C22 /* Frameworks */ = {
			isa = PBXFrameworksBuildPhase;
			buildActionMask = 2147483647;
			files = (
			);
			runOnlyForDeploymentPostprocessing = 0;
		};
/* End PBXFrameworksBuildPhase section */

/* Begin PBXGroup section */
		F460B6F31C60095F00BF2C22 = {
			isa = PBXGroup;
			children = (
				F460B6FE1C60095F00BF2C22 /* SwiftTest */,
				F460B71C1C75278900BF2C22 /* SwiftTestTests */,
				F460B6FD1C60095F00BF2C22 /* Products */,
			);
			sourceTree = "<group>";
		};
		F460B6FD1C60095F00BF2C22 /* Products */ = {
			isa = PBXGroup;
			children = (
				F460B6FC1C60095F00BF2C22 /* SwiftTest.app */,
				F460B71B1C75278900BF2C22 /* SwiftTestTests.xctest */,
			);
			name = Products;
			sourceTree = "<group>";
		};
		F460B6FE1C60095F00BF2C22 /* SwiftTest */ = {
			isa = PBXGroup;
			children = (
				F460B6FF1C60095F00BF2C22 /* AppDelegate.swift */,
				F4ABA2D51C7A657E0064A941 /* MealTableViewCell.swift */,
				F460B7131C6F60EF00BF2C22 /* RatingControl.swift */,
				F460B7011C60095F00BF2C22 /* MealViewController.swift */,
				F41FEE081C832E2300C63F11 /* MealTableViewController.swift */,
				F460B7111C600F7200BF2C22 /* TestComponent.swift */,
				F460B7031C60095F00BF2C22 /* Main.storyboard */,
				F460B7061C60095F00BF2C22 /* Assets.xcassets */,
				F460B7081C60095F00BF2C22 /* LaunchScreen.storyboard */,
				F460B70B1C60095F00BF2C22 /* Info.plist */,
				F460B7151C71358300BF2C22 /* Meal.swift */,
			);
			path = SwiftTest;
			sourceTree = "<group>";
		};
		F460B71C1C75278900BF2C22 /* SwiftTestTests */ = {
			isa = PBXGroup;
			children = (
				F460B71D1C75278900BF2C22 /* SwiftTestTests.swift */,
				F460B71F1C75278900BF2C22 /* Info.plist */,
			);
			path = SwiftTestTests;
			sourceTree = "<group>";
		};
/* End PBXGroup section */

/* Begin PBXNativeTarget section */
		F460B6FB1C60095F00BF2C22 /* SwiftTest */ = {
			isa = PBXNativeTarget;
			buildConfigurationList = F460B70E1C60095F00BF2C22 /* Build configuration list for PBXNativeTarget "SwiftTest" */;
			buildPhases = (
				F460B6F81C60095F00BF2C22 /* Sources */,
				F460B6F91C60095F00BF2C22 /* Frameworks */,
				F460B6FA1C60095F00BF2C22 /* Resources */,
			);
			buildRules = (
			);
			dependencies = (
			);
			name = SwiftTest;
			productName = SwiftTest;
			productReference = F460B6FC1C60095F00BF2C22 /* SwiftTest.app */;
			productType = "com.apple.product-type.application";
		};
		F460B71A1C75278900BF2C22 /* SwiftTestTests */ = {
			isa = PBXNativeTarget;
			buildConfigurationList = F460B7221C75278900BF2C22 /* Build configuration list for PBXNativeTarget "SwiftTestTests" */;
			buildPhases = (
				F460B7171C75278900BF2C22 /* Sources */,
				F460B7181C75278900BF2C22 /* Frameworks */,
				F460B7191C75278900BF2C22 /* Resources */,
			);
			buildRules = (
			);
			dependencies = (
				F460B7211C75278900BF2C22 /* PBXTargetDependency */,
			);
			name = SwiftTestTests;
			productName = SwiftTestTests;
			productReference = F460B71B1C75278900BF2C22 /* SwiftTestTests.xctest */;
			productType = "com.apple.product-type.bundle.unit-test";
		};
/* End PBXNativeTarget section */

/* Begin PBXProject section */
		F460B6F41C60095F00BF2C22 /* Project object */ = {
			isa = PBXProject;
			attributes = {
				LastSwiftUpdateCheck = 0720;
				LastUpgradeCheck = 0720;
				ORGANIZATIONNAME = Macone;
				TargetAttributes = {
					F460B6FB1C60095F00BF2C22 = {
						CreatedOnToolsVersion = 7.2;
					};
					F460B71A1C75278900BF2C22 = {
						CreatedOnToolsVersion = 7.2;
						TestTargetID = F460B6FB1C60095F00BF2C22;
					};
				};
			};
			buildConfigurationList = F460B6F71C60095F00BF2C22 /* Build configuration list for PBXProject "SwiftTest" */;
			compatibilityVersion = "Xcode 3.2";
			developmentRegion = English;
			hasScannedForEncodings = 0;
			knownRegions = (
				en,
				Base,
			);
			mainGroup = F460B6F31C60095F00BF2C22;
			productRefGroup = F460B6FD1C60095F00BF2C22 /* Products */;
			projectDirPath = "";
			projectRoot = "";
			targets = (
				F460B6FB1C60095F00BF2C22 /* SwiftTest */,
				F460B71A1C75278900BF2C22 /* SwiftTestTests */,
			);
		};
/* End PBXProject section */

/* Begin PBXResourcesBuildPhase section */
		F460B6FA1C60095F00BF2C22 /* Resources */ = {
			isa = PBXResourcesBuildPhase;
			buildActionMask = 2147483647;
			files = (
				F460B70A1C60095F00BF2C22 /* LaunchScreen.storyboard in Resources */,
				F460B7071C60095F00BF2C22 /* Assets.xcassets in Resources */,
				F460B7051C60095F00BF2C22 /* Main.storyboard in Resources */,
			);
			runOnlyForDeploymentPostprocessing = 0;
		};
		F460B7191C75278900BF2C22 /* Resources */ = {
			isa = PBXResourcesBuildPhase;
			buildActionMask = 2147483647;
			files = (
			);
			runOnlyForDeploymentPostprocessing = 0;
		};
/* End PBXResourcesBuildPhase section */

/* Begin PBXSourcesBuildPhase section */
		F460B6F81C60095F00BF2C22 /* Sources */ = {
			isa = PBXSourcesBuildPhase;
			buildActionMask = 2147483647;
			files = (
				F460B7161C71358300BF2C22 /* Meal.swift in Sources */,
				F460B7141C6F60EF00BF2C22 /* RatingControl.swift in Sources */,
				F41FEE091C832E2300C63F11 /* MealTableViewController.swift in Sources */,
				F4ABA2D61C7A657E0064A941 /* MealTableViewCell.swift in Sources */,
				F460B7121C600F7200BF2C22 /* TestComponent.swift in Sources */,
				F460B7021C60095F00BF2C22 /* MealViewController.swift in Sources */,
				F460B7001C60095F00BF2C22 /* AppDelegate.swift in Sources */,
			);
			runOnlyForDeploymentPostprocessing = 0;
		};
		F460B7171C75278900BF2C22 /* Sources */ = {
			isa = PBXSourcesBuildPhase;
			buildActionMask = 2147483647;
			files = (
				F4ABA2D41C79B9E20064A941 /* Meal.swift in Sources */,
				F460B71E1C75278900BF2C22 /* SwiftTestTests.swift in Sources */,
			);
			runOnlyForDeploymentPostprocessing = 0;
		};
/* End PBXSourcesBuildPhase section */

/* Begin PBXTargetDependency section */
		F460B7211C75278900BF2C22 /* PBXTargetDependency */ = {
			isa = PBXTargetDependency;
			target = F460B6FB1C60095F00BF2C22 /* SwiftTest */;
			targetProxy = F460B7201C75278900BF2C22 /* PBXContainerItemProxy */;
		};
/* End PBXTargetDependency section */

/* Begin PBXVariantGroup section */
		F460B7031C60095F00BF2C22 /* Main.storyboard */ = {
			isa = PBXVariantGroup;
			children = (
				F460B7041C60095F00BF2C22 /* Base */,
			);
			name = Main.storyboard;
			sourceTree = "<group>";
		};
		F460B7081C60095F00BF2C22 /* LaunchScreen.storyboard */ = {
			isa = PBXVariantGroup;
			children = (
				F460B7091C60095F00BF2C22 /* Base */,
			);
			name = LaunchScreen.storyboard;
			sourceTree = "<group>";
		};
/* End PBXVariantGroup section */

/* Begin XCBuildConfiguration section */
		F460B70C1C60095F00BF2C22 /* Debug */ = {
			isa = XCBuildConfiguration;
			buildSettings = {
				ALWAYS_SEARCH_USER_PATHS = NO;
				CLANG_CXX_LANGUAGE_STANDARD = "gnu++0x";
				CLANG_CXX_LIBRARY = "libc++";
				CLANG_ENABLE_MODULES = YES;
				CLANG_ENABLE_OBJC_ARC = YES;
				CLANG_WARN_BOOL_CONVERSION = YES;
				CLANG_WARN_CONSTANT_CONVERSION = YES;
				CLANG_WARN_DIRECT_OBJC_ISA_USAGE = YES_ERROR;
				CLANG_WARN_EMPTY_BODY = YES;
				CLANG_WARN_ENUM_CONVERSION = YES;
				CLANG_WARN_INT_CONVERSION = YES;
				CLANG_WARN_OBJC_ROOT_CLASS = YES_ERROR;
				CLANG_WARN_UNREACHABLE_CODE = YES;
				CLANG_WARN__DUPLICATE_METHOD_MATCH = YES;
				"CODE_SIGN_IDENTITY[sdk=iphoneos*]" = "iPhone Developer";
				COPY_PHASE_STRIP = NO;
				DEBUG_INFORMATION_FORMAT = dwarf;
				ENABLE_STRICT_OBJC_MSGSEND = YES;
				ENABLE_TESTABILITY = YES;
				GCC_C_LANGUAGE_STANDARD = gnu99;
				GCC_DYNAMIC_NO_PIC = NO;
				GCC_NO_COMMON_BLOCKS = YES;
				GCC_OPTIMIZATION_LEVEL = 0;
				GCC_PREPROCESSOR_DEFINITIONS = (
					"DEBUG=1",
					"$(inherited)",
				);
				GCC_WARN_64_TO_32_BIT_CONVERSION = YES;
				GCC_WARN_ABOUT_RETURN_TYPE = YES_ERROR;
				GCC_WARN_UNDECLARED_SELECTOR = YES;
				GCC_WARN_UNINITIALIZED_AUTOS = YES_AGGRESSIVE;
				GCC_WARN_UNUSED_FUNCTION = YES;
				GCC_WARN_UNUSED_VARIABLE = YES;
				IPHONEOS_DEPLOYMENT_TARGET = 9.2;
				MTL_ENABLE_DEBUG_INFO = YES;
				ONLY_ACTIVE_ARCH = YES;
				SDKROOT = iphoneos;
				SWIFT_OPTIMIZATION_LEVEL = "-Onone";
				TARGETED_DEVICE_FAMILY = "1,2";
			};
			name = Debug;
		};
		F460B70D1C60095F00BF2C22 /* Release */ = {
			isa = XCBuildConfiguration;
			buildSettings = {
				ALWAYS_SEARCH_USER_PATHS = NO;
				CLANG_CXX_LANGUAGE_STANDARD = "gnu++0x";
				CLANG_CXX_LIBRARY = "libc++";
				CLANG_ENABLE_MODULES = YES;
				CLANG_ENABLE_OBJC_ARC = YES;
				CLANG_WARN_BOOL_CONVERSION = YES;
				CLANG_WARN_CONSTANT_CONVERSION = YES;
				CLANG_WARN_DIRECT_OBJC_ISA_USAGE = YES_ERROR;
				CLANG_WARN_EMPTY_BODY = YES;
				CLANG_WARN_ENUM_CONVERSION = YES;
				CLANG_WARN_INT_CONVERSION = YES;
				CLANG_WARN_OBJC_ROOT_CLASS = YES_ERROR;
				CLANG_WARN_UNREACHABLE_CODE = YES;
				CLANG_WARN__DUPLICATE_METHOD_MATCH = YES;
				"CODE_SIGN_IDENTITY[sdk=iphoneos*]" = "iPhone Developer";
				COPY_PHASE_STRIP = NO;
				DEBUG_INFORMATION_FORMAT = "dwarf-with-dsym";
				ENABLE_NS_ASSERTIONS = NO;
				ENABLE_STRICT_OBJC_MSGSEND = YES;
				GCC_C_LANGUAGE_STANDARD = gnu99;
				GCC_NO_COMMON_BLOCKS = YES;
				GCC_WARN_64_TO_32_BIT_CONVERSION = YES;
				GCC_WARN_ABOUT_RETURN_TYPE = YES_ERROR;
				GCC_WARN_UNDECLARED_SELECTOR = YES;
				GCC_WARN_UNINITIALIZED_AUTOS = YES_AGGRESSIVE;
				GCC_WARN_UNUSED_FUNCTION = YES;
				GCC_WARN_UNUSED_VARIABLE = YES;
				IPHONEOS_DEPLOYMENT_TARGET = 9.2;
				MTL_ENABLE_DEBUG_INFO = NO;
				SDKROOT = iphoneos;
				TARGETED_DEVICE_FAMILY = "1,2";
				VALIDATE_PRODUCT = YES;
			};
			name = Release;
		};
		F460B70F1C60095F00BF2C22 /* Debug */ = {
			isa = XCBuildConfiguration;
			buildSettings = {
				ASSETCATALOG_COMPILER_APPICON_NAME = AppIcon;
				INFOPLIST_FILE = SwiftTest/Info.plist;
				LD_RUNPATH_SEARCH_PATHS = "$(inherited) @executable_path/Frameworks";
				PRODUCT_BUNDLE_IDENTIFIER = AA.SwiftTest;
				PRODUCT_NAME = "$(TARGET_NAME)";
			};
			name = Debug;
		};
		F460B7101C60095F00BF2C22 /* Release */ = {
			isa = XCBuildConfiguration;
			buildSettings = {
				ASSETCATALOG_COMPILER_APPICON_NAME = AppIcon;
				INFOPLIST_FILE = SwiftTest/Info.plist;
				LD_RUNPATH_SEARCH_PATHS = "$(inherited) @executable_path/Frameworks";
				PRODUCT_BUNDLE_IDENTIFIER = AA.SwiftTest;
				PRODUCT_NAME = "$(TARGET_NAME)";
			};
			name = Release;
		};
		F460B7231C75278900BF2C22 /* Debug */ = {
			isa = XCBuildConfiguration;
			buildSettings = {
				BUNDLE_LOADER = "$(TEST_HOST)";
				INFOPLIST_FILE = SwiftTestTests/Info.plist;
				LD_RUNPATH_SEARCH_PATHS = "$(inherited) @executable_path/Frameworks @loader_path/Frameworks";
				PRODUCT_BUNDLE_IDENTIFIER = AA.SwiftTestTests;
				PRODUCT_NAME = "$(TARGET_NAME)";
				TEST_HOST = "$(BUILT_PRODUCTS_DIR)/SwiftTest.app/SwiftTest";
			};
			name = Debug;
		};
		F460B7241C75278900BF2C22 /* Release */ = {
			isa = XCBuildConfiguration;
			buildSettings = {
				BUNDLE_LOADER = "$(TEST_HOST)";
				INFOPLIST_FILE = SwiftTestTests/Info.plist;
				LD_RUNPATH_SEARCH_PATHS = "$(inherited) @executable_path/Frameworks @loader_path/Frameworks";
				PRODUCT_BUNDLE_IDENTIFIER = AA.SwiftTestTests;
				PRODUCT_NAME = "$(TARGET_NAME)";
				TEST_HOST = "$(BUILT_PRODUCTS_DIR)/SwiftTest.app/SwiftTest";
			};
			name = Release;
		};
/* End XCBuildConfiguration section */

/* Begin XCConfigurationList section */
		F460B6F71C60095F00BF2C22 /* Build configuration list for PBXProject "SwiftTest" */ = {
			isa = XCConfigurationList;
			buildConfigurations = (
				F460B70C1C60095F00BF2C22 /* Debug */,
				F460B70D1C60095F00BF2C22 /* Release */,
			);
			defaultConfigurationIsVisible = 0;
			defaultConfigurationName = Release;
		};
		F460B70E1C60095F00BF2C22 /* Build configuration list for PBXNativeTarget "SwiftTest" */ = {
			isa = XCConfigurationList;
			buildConfigurations = (
				F460B70F1C60095F00BF2C22 /* Debug */,
				F460B7101C60095F00BF2C22 /* Release */,
			);
			defaultConfigurationIsVisible = 0;
			defaultConfigurationName = Release;
		};
		F460B7221C75278900BF2C22 /* Build configuration list for PBXNativeTarget "SwiftTestTests" */ = {
			isa = XCConfigurationList;
			buildConfigurations = (
				F460B7231C75278900BF2C22 /* Debug */,
				F460B7241C75278900BF2C22 /* Release */,
			);
			defaultConfigurationIsVisible = 0;
			defaultConfigurationName = Release;
		};
/* End XCConfigurationList section */
	};
	rootObject = F460B6F41C60095F00BF2C22 /* Project object */;
}
